
Microsoft Visual Studio Solution File, Format Version 12.00
# Visual Studio 15
VisualStudioVersion = 15.0.28010.2016
MinimumVisualStudioVersion = 10.0.40219.1
Project("{FAE04EC0-301F-11D3-BF4B-00C04F79EFBC}") = "Automata", "Automata\Automata.csproj", "{F7ECB39D-4B89-4046-BFBA-666F4667B53B}"
EndProject
Global
	GlobalSection(SolutionConfigurationPlatforms) = preSolution
		Debug|Any CPU = Debug|Any CPU
		Release|Any CPU = Release|Any CPU
	EndGlobalSection
	GlobalSection(ProjectConfigurationPlatforms) = postSolution
		{F7ECB39D-4B89-4046-BFBA-666F4667B53B}.Debug|Any CPU.ActiveCfg = Debug|Any CPU
		{F7ECB39D-4B89-4046-BFBA-666F4667B53B}.Debug|Any CPU.Build.0 = Debug|Any CPU
		{F7ECB39D-4B89-4046-BFBA-666F4667B53B}.Release|Any CPU.ActiveCfg = Release|Any CPU
		{F7ECB39D-4B89-4046-BFBA-666F4667B53B}.Release|Any CPU.Build.0 = Release|Any CPU
	EndGlobalSection
	GlobalSection(SolutionProperties) = preSolution
		HideSolutionNode = FALSE
	EndGlobalSection
	GlobalSection(ExtensibilityGlobals) = postSolution
		SolutionGuid = {79CA67CB-2484-40AB-BC39-25DE363023D8}
	EndGlobalSection
EndGlobal
